{
  "nodes": {
    "chinese-fonts": {
      "inputs": {
        "nixpkgs": [
          "nixpkgs"
        ]
      },
      "locked": {
        "lastModified": 1735891296,
        "narHash": "sha256-xmyzX5JXC1JQNVNhI8AnbivcID2AJoCQXlSKxRxsMt0=",
        "owner": "brsvh",
        "repo": "chinese-fonts-overlay",
        "rev": "748d91262ab205d069d5a40275f079ed70b71994",
        "type": "github"
      },
      "original": {
        "owner": "brsvh",
        "repo": "chinese-fonts-overlay",
        "type": "github"
      }
    },
    "colmena": {
      "inputs": {
        "flake-compat": [],
        "flake-utils": "flake-utils",
        "nix-github-actions": [],
        "nixpkgs": [
          "nixpkgs"
        ],
        "stable": []
      },
      "locked": {
        "lastModified": 1739900653,
        "narHash": "sha256-hPSLvw6AZQYrZyGI6Uq4XgST7benF/0zcCpugn/P0yM=",
        "owner": "zhaofengli",
        "repo": "colmena",
        "rev": "2370d4336eda2a9ef29fce10fa7076ae011983ab",
        "type": "github"
      },
      "original": {
        "owner": "zhaofengli",
        "repo": "colmena",
        "type": "github"
      }
    },
    "disko": {
      "inputs": {
        "nixpkgs": [
          "nixpkgs"
        ]
      },
      "locked": {
        "lastModified": 1741786315,
        "narHash": "sha256-VT65AE2syHVj6v/DGB496bqBnu1PXrrzwlw07/Zpllc=",
        "owner": "nix-community",
        "repo": "disko",
        "rev": "0d8c6ad4a43906d14abd5c60e0ffe7b587b213de",
        "type": "github"
      },
      "original": {
        "owner": "nix-community",
        "repo": "disko",
        "type": "github"
      }
    },
    "flake-parts": {
      "inputs": {
        "nixpkgs-lib": [
          "nixos-anywhere",
          "nixpkgs"
        ]
      },
      "locked": {
        "lastModified": 1741352980,
        "narHash": "sha256-+u2UunDA4Cl5Fci3m7S643HzKmIDAe+fiXrLqYsR2fs=",
        "owner": "hercules-ci",
        "repo": "flake-parts",
        "rev": "f4330d22f1c5d2ba72d3d22df5597d123fdb60a9",
        "type": "github"
      },
      "original": {
        "owner": "hercules-ci",
        "repo": "flake-parts",
        "type": "github"
      }
    },
    "flake-utils": {
      "locked": {
        "lastModified": 1659877975,
        "narHash": "sha256-zllb8aq3YO3h8B/U0/J1WBgAL8EX5yWf5pMj3G0NAmc=",
        "owner": "numtide",
        "repo": "flake-utils",
        "rev": "c0e246b9b83f637f4681389ecabcb2681b4f3af0",
        "type": "github"
      },
      "original": {
        "owner": "numtide",
        "repo": "flake-utils",
        "type": "github"
      }
    },
    "flake-utils_2": {
      "inputs": {
        "systems": "systems"
      },
      "locked": {
        "lastModified": 1710146030,
        "narHash": "sha256-SZ5L6eA7HJ/nmkzGG7/ISclqe6oZdOZTNoesiInkXPQ=",
        "owner": "numtide",
        "repo": "flake-utils",
        "rev": "b1d9ab70662946ef0850d488da1c9019f3a9752a",
        "type": "github"
      },
      "original": {
        "id": "flake-utils",
        "type": "indirect"
      }
    },
    "home-manager": {
      "inputs": {
        "nixpkgs": [
          "nixpkgs"
        ]
      },
      "locked": {
        "lastModified": 1742851132,
        "narHash": "sha256-8vEcDefstheV1whup+5fSpZu4g9Jr7WpYzOBKAMSHn4=",
        "owner": "nix-community",
        "repo": "home-manager",
        "rev": "c4d5d72805d14ea43c140eeb70401bf84c0f11b4",
        "type": "github"
      },
      "original": {
        "owner": "nix-community",
        "repo": "home-manager",
        "type": "github"
      }
    },
    "nixos-anywhere": {
      "inputs": {
        "disko": [],
        "flake-parts": "flake-parts",
        "nixos-images": [],
        "nixos-stable": [],
        "nixpkgs": [
          "nixpkgs"
        ],
        "treefmt-nix": []
      },
      "locked": {
        "lastModified": 1742701397,
        "narHash": "sha256-xkr0Bl6LShu0S0ubG+mS0uokPzmZLvm1pRzDFesgugg=",
        "owner": "nix-community",
        "repo": "nixos-anywhere",
        "rev": "d48c8a01968afc8870b5afcba43b7739c943f7f8",
        "type": "github"
      },
      "original": {
        "owner": "nix-community",
        "repo": "nixos-anywhere",
        "type": "github"
      }
    },
    "nixos-wsl": {
      "inputs": {
        "flake-compat": [],
        "nixpkgs": [
          "nixpkgs"
        ]
      },
      "locked": {
        "lastModified": 1742481215,
        "narHash": "sha256-m7I/2UaGEFOI+Cy0RoADBi10NZt1WD5N3q2jUwPprE4=",
        "owner": "nix-community",
        "repo": "NixOS-WSL",
        "rev": "96d7df91cce0d7cd30d1958fe1aefcb5f9bfced7",
        "type": "github"
      },
      "original": {
        "owner": "nix-community",
        "repo": "NixOS-WSL",
        "type": "github"
      }
    },
    "nixpkgs": {
      "locked": {
        "lastModified": 1742669843,
        "narHash": "sha256-G5n+FOXLXcRx+3hCJ6Rt6ZQyF1zqQ0DL0sWAMn2Nk0w=",
        "owner": "NixOS",
        "repo": "nixpkgs",
        "rev": "1e5b653dff12029333a6546c11e108ede13052eb",
        "type": "github"
      },
      "original": {
        "owner": "NixOS",
        "ref": "nixos-unstable",
        "repo": "nixpkgs",
        "type": "github"
      }
    },
    "paperwm": {
      "inputs": {
        "flake-utils": "flake-utils_2",
        "nixpkgs": [
          "nixpkgs"
        ]
      },
      "locked": {
        "lastModified": 1742677754,
        "narHash": "sha256-OnBiBi1RWZhMsbCqm37/sSe3VAxlu285NvP9Ba5TyTM=",
        "owner": "paperwm",
        "repo": "PaperWM",
        "rev": "a85f8df8bb6086abb4411e5cafaf4934e8267b97",
        "type": "github"
      },
      "original": {
        "owner": "paperwm",
        "repo": "PaperWM",
        "type": "github"
      }
    },
    "root": {
      "inputs": {
        "chinese-fonts": "chinese-fonts",
        "colmena": "colmena",
        "disko": "disko",
        "home-manager": "home-manager",
        "nixos-anywhere": "nixos-anywhere",
        "nixos-wsl": "nixos-wsl",
        "nixpkgs": "nixpkgs",
        "paperwm": "paperwm",
        "rust-overlay": "rust-overlay"
      }
    },
    "rust-overlay": {
      "inputs": {
        "nixpkgs": [
          "nixpkgs"
        ]
      },
      "locked": {
        "lastModified": 1742783666,
        "narHash": "sha256-IwdSl51NL6V0f+mYXZR0UTKaGleOsk9zV3l6kt5SUWw=",
        "owner": "oxalica",
        "repo": "rust-overlay",
        "rev": "60766d63c227d576510ecfb5edd3a687d56f6bc7",
        "type": "github"
      },
      "original": {
        "owner": "oxalica",
        "repo": "rust-overlay",
        "type": "github"
      }
    },
    "systems": {
      "locked": {
        "lastModified": 1681028828,
        "narHash": "sha256-Vy1rq5AaRuLzOxct8nz4T6wlgyUR7zLU309k9mBC768=",
        "owner": "nix-systems",
        "repo": "default",
        "rev": "da67096a3b9bf56a91d16901293e51ba5b49a27e",
        "type": "github"
      },
      "original": {
        "owner": "nix-systems",
        "repo": "default",
        "type": "github"
      }
    }
  },
  "root": "root",
  "version": 7
}
