{
  "nodes": {
    "chinese-fonts": {
      "inputs": {
        "nixpkgs": [
          "nixpkgs"
        ]
      },
      "locked": {
        "lastModified": 1735891296,
        "narHash": "sha256-xmyzX5JXC1JQNVNhI8AnbivcID2AJoCQXlSKxRxsMt0=",
        "owner": "brsvh",
        "repo": "chinese-fonts-overlay",
        "rev": "748d91262ab205d069d5a40275f079ed70b71994",
        "type": "github"
      },
      "original": {
        "owner": "brsvh",
        "repo": "chinese-fonts-overlay",
        "type": "github"
      }
    },
    "colmena": {
      "inputs": {
        "flake-compat": [],
        "flake-utils": "flake-utils",
        "nix-github-actions": [],
        "nixpkgs": [
          "nixpkgs"
        ],
        "stable": []
      },
      "locked": {
        "lastModified": 1746816769,
        "narHash": "sha256-ymQzXrfHVT8/RJiGbfrNjEeuzXQan46lUJdxEhgivdM=",
        "owner": "zhaofengli",
        "repo": "colmena",
        "rev": "df694ee23be7ed7b2d8b42c245a640f0724eb06c",
        "type": "github"
      },
      "original": {
        "owner": "zhaofengli",
        "repo": "colmena",
        "type": "github"
      }
    },
    "disko": {
      "inputs": {
        "nixpkgs": [
          "nixpkgs"
        ]
      },
      "locked": {
        "lastModified": 1747621015,
        "narHash": "sha256-j0fo1rNxZvmFLMaE945UrbLJZAHTlQmq0/QMgOP4GTs=",
        "owner": "nix-community",
        "repo": "disko",
        "rev": "cec44d77d9dacf0c91d3d51aff128fefabce06ee",
        "type": "github"
      },
      "original": {
        "owner": "nix-community",
        "repo": "disko",
        "type": "github"
      }
    },
    "flake-parts": {
      "inputs": {
        "nixpkgs-lib": [
          "nixos-anywhere",
          "nixpkgs"
        ]
      },
      "locked": {
        "lastModified": 1743550720,
        "narHash": "sha256-hIshGgKZCgWh6AYJpJmRgFdR3WUbkY04o82X05xqQiY=",
        "owner": "hercules-ci",
        "repo": "flake-parts",
        "rev": "c621e8422220273271f52058f618c94e405bb0f5",
        "type": "github"
      },
      "original": {
        "owner": "hercules-ci",
        "repo": "flake-parts",
        "type": "github"
      }
    },
    "flake-utils": {
      "locked": {
        "lastModified": 1659877975,
        "narHash": "sha256-zllb8aq3YO3h8B/U0/J1WBgAL8EX5yWf5pMj3G0NAmc=",
        "owner": "numtide",
        "repo": "flake-utils",
        "rev": "c0e246b9b83f637f4681389ecabcb2681b4f3af0",
        "type": "github"
      },
      "original": {
        "owner": "numtide",
        "repo": "flake-utils",
        "type": "github"
      }
    },
    "home-manager": {
      "inputs": {
        "nixpkgs": [
          "nixpkgs"
        ]
      },
      "locked": {
        "lastModified": 1747565775,
        "narHash": "sha256-B6jmKHUEX1jxxcdoYHl7RVaeohtAVup8o3nuVkzkloA=",
        "owner": "nix-community",
        "repo": "home-manager",
        "rev": "97118a310eb8e13bc1b9b12d67267e55b7bee6c8",
        "type": "github"
      },
      "original": {
        "owner": "nix-community",
        "repo": "home-manager",
        "type": "github"
      }
    },
    "nixos-anywhere": {
      "inputs": {
        "disko": [],
        "flake-parts": "flake-parts",
        "nixos-images": [],
        "nixos-stable": [],
        "nixpkgs": [
          "nixpkgs"
        ],
        "treefmt-nix": []
      },
      "locked": {
        "lastModified": 1746713092,
        "narHash": "sha256-BeIAHEaKUeKmIED4GohPz7OWRBithENyAgCNxgSaQvM=",
        "owner": "nix-community",
        "repo": "nixos-anywhere",
        "rev": "a0fd2b7c603b92f8f57b38fe2f2b96cd39f4dfc0",
        "type": "github"
      },
      "original": {
        "owner": "nix-community",
        "repo": "nixos-anywhere",
        "type": "github"
      }
    },
    "nixos-wsl": {
      "inputs": {
        "flake-compat": [],
        "nixpkgs": [
          "nixpkgs"
        ]
      },
      "locked": {
        "lastModified": 1746453552,
        "narHash": "sha256-r66UGha+7KVHkI7ksrcMjnw/mm9Sg4l5bQlylxHwdGU=",
        "owner": "nix-community",
        "repo": "NixOS-WSL",
        "rev": "be618645aa0adf461f778500172b6896d5ab2d01",
        "type": "github"
      },
      "original": {
        "owner": "nix-community",
        "repo": "NixOS-WSL",
        "type": "github"
      }
    },
    "nixos-x1e": {
      "inputs": {
        "nixpkgs": [
          "nixpkgs"
        ]
      },
      "locked": {
        "lastModified": 1748087831,
        "narHash": "sha256-XHAy5DPbcwBuutjbbnCJ8u5QRBOCw/tnLmW+erKmW1U=",
        "owner": "plxty",
        "repo": "nixos-x1e",
        "rev": "0b43c257957d38d40843c4e168072c38366cdd80",
        "type": "github"
      },
      "original": {
        "owner": "plxty",
        "repo": "nixos-x1e",
        "type": "github"
      }
    },
    "nixpkgs": {
      "locked": {
        "lastModified": 1747542820,
        "narHash": "sha256-GaOZntlJ6gPPbbkTLjbd8BMWaDYafhuuYRNrxCGnPJw=",
        "owner": "NixOS",
        "repo": "nixpkgs",
        "rev": "292fa7d4f6519c074f0a50394dbbe69859bb6043",
        "type": "github"
      },
      "original": {
        "owner": "NixOS",
        "ref": "nixos-unstable",
        "repo": "nixpkgs",
        "type": "github"
      }
    },
    "root": {
      "inputs": {
        "chinese-fonts": "chinese-fonts",
        "colmena": "colmena",
        "disko": "disko",
        "home-manager": "home-manager",
        "nixos-anywhere": "nixos-anywhere",
        "nixos-wsl": "nixos-wsl",
        "nixos-x1e": "nixos-x1e",
        "nixpkgs": "nixpkgs",
        "rust-overlay": "rust-overlay"
      }
    },
    "rust-overlay": {
      "inputs": {
        "nixpkgs": [
          "nixpkgs"
        ]
      },
      "locked": {
        "lastModified": 1747622321,
        "narHash": "sha256-W0dYIWgsUu6rvOJRtKLhKskkv0VhQhJYGNIq+gGUc8g=",
        "owner": "oxalica",
        "repo": "rust-overlay",
        "rev": "bd030fd9983f7fddf87be1c64aa3064c8afa24c4",
        "type": "github"
      },
      "original": {
        "owner": "oxalica",
        "repo": "rust-overlay",
        "type": "github"
      }
    }
  },
  "root": "root",
  "version": 7
}
