{
  "nodes": {
    "colmena": {
      "inputs": {
        "flake-compat": [],
        "flake-utils": "flake-utils",
        "nix-github-actions": [],
        "nixpkgs": [
          "nixpkgs"
        ],
        "stable": []
      },
      "locked": {
        "lastModified": 1762034856,
        "narHash": "sha256-QVey3iP3UEoiFVXgypyjTvCrsIlA4ecx6Acaz5C8/PQ=",
        "owner": "zhaofengli",
        "repo": "colmena",
        "rev": "349b035a5027f23d88eeb3bc41085d7ee29f18ed",
        "type": "github"
      },
      "original": {
        "owner": "zhaofengli",
        "repo": "colmena",
        "type": "github"
      }
    },
    "disko": {
      "inputs": {
        "nixpkgs": [
          "nixpkgs"
        ]
      },
      "locked": {
        "lastModified": 1766150702,
        "narHash": "sha256-P0kM+5o+DKnB6raXgFEk3azw8Wqg5FL6wyl9jD+G5a4=",
        "owner": "nix-community",
        "repo": "disko",
        "rev": "916506443ecd0d0b4a0f4cf9d40a3c22ce39b378",
        "type": "github"
      },
      "original": {
        "owner": "nix-community",
        "repo": "disko",
        "type": "github"
      }
    },
    "flake-compat": {
      "flake": false,
      "locked": {
        "lastModified": 1765121682,
        "narHash": "sha256-4VBOP18BFeiPkyhy9o4ssBNQEvfvv1kXkasAYd0+rrA=",
        "owner": "edolstra",
        "repo": "flake-compat",
        "rev": "65f23138d8d09a92e30f1e5c87611b23ef451bf3",
        "type": "github"
      },
      "original": {
        "owner": "edolstra",
        "repo": "flake-compat",
        "type": "github"
      }
    },
    "flake-utils": {
      "locked": {
        "lastModified": 1659877975,
        "narHash": "sha256-zllb8aq3YO3h8B/U0/J1WBgAL8EX5yWf5pMj3G0NAmc=",
        "owner": "numtide",
        "repo": "flake-utils",
        "rev": "c0e246b9b83f637f4681389ecabcb2681b4f3af0",
        "type": "github"
      },
      "original": {
        "owner": "numtide",
        "repo": "flake-utils",
        "type": "github"
      }
    },
    "home-manager": {
      "inputs": {
        "nixpkgs": [
          "nixpkgs"
        ]
      },
      "locked": {
        "lastModified": 1766553861,
        "narHash": "sha256-ZbnG01yA3O8Yr1vUm3+NQ2qk9iRhS5bloAnuXHHy7+c=",
        "owner": "nix-community",
        "repo": "home-manager",
        "rev": "0999ed8f965bbbd991437ad9c5ed3434cecbc30e",
        "type": "github"
      },
      "original": {
        "owner": "nix-community",
        "ref": "release-25.11",
        "repo": "home-manager",
        "type": "github"
      }
    },
    "nix-darwin": {
      "inputs": {
        "nixpkgs": [
          "nixpkgs"
        ]
      },
      "locked": {
        "lastModified": 1765066094,
        "narHash": "sha256-0YSU35gfRFJzx/lTGgOt6ubP8K6LeW0vaywzNNqxkl4=",
        "owner": "nix-darwin",
        "repo": "nix-darwin",
        "rev": "688427b1aab9afb478ca07989dc754fa543e03d5",
        "type": "github"
      },
      "original": {
        "owner": "nix-darwin",
        "ref": "nix-darwin-25.11",
        "repo": "nix-darwin",
        "type": "github"
      }
    },
    "nixos-wsl": {
      "inputs": {
        "flake-compat": "flake-compat",
        "nixpkgs": [
          "nixpkgs"
        ]
      },
      "locked": {
        "lastModified": 1765841014,
        "narHash": "sha256-55V0AJ36V5Egh4kMhWtDh117eE3GOjwq5LhwxDn9eHg=",
        "owner": "nix-community",
        "repo": "NixOS-WSL",
        "rev": "be4af8042e7a61fa12fda58fe9a3b3babdefe17b",
        "type": "github"
      },
      "original": {
        "owner": "nix-community",
        "repo": "NixOS-WSL",
        "type": "github"
      }
    },
    "nixos-x1e": {
      "inputs": {
        "nixpkgs": [
          "nixpkgs"
        ]
      },
      "locked": {
        "lastModified": 1765988105,
        "narHash": "sha256-3E20n/e+qDaiTNAYUA6D2ei7rhQuZpHHsAR4qjhQF/c=",
        "owner": "plxty",
        "repo": "nixos-x1e",
        "rev": "8f3a3fff195c63a5956bc576754982a3f95a7d9e",
        "type": "github"
      },
      "original": {
        "owner": "plxty",
        "repo": "nixos-x1e",
        "type": "github"
      }
    },
    "nixpkgs": {
      "locked": {
        "lastModified": 1766622938,
        "narHash": "sha256-Eovt/DOCYjFFBZuYbbG9j5jhklzxdNbUGVYYxh3lG3s=",
        "owner": "NixOS",
        "repo": "nixpkgs",
        "rev": "5900a0a8850cbba98e16d5a7a6ed389402dfcf4f",
        "type": "github"
      },
      "original": {
        "owner": "NixOS",
        "ref": "nixos-25.11",
        "repo": "nixpkgs",
        "type": "github"
      }
    },
    "root": {
      "inputs": {
        "colmena": "colmena",
        "disko": "disko",
        "home-manager": "home-manager",
        "nix-darwin": "nix-darwin",
        "nixos-wsl": "nixos-wsl",
        "nixos-x1e": "nixos-x1e",
        "nixpkgs": "nixpkgs",
        "rust-overlay": "rust-overlay"
      }
    },
    "rust-overlay": {
      "inputs": {
        "nixpkgs": [
          "nixpkgs"
        ]
      },
      "locked": {
        "lastModified": 1766717007,
        "narHash": "sha256-ZjLiHCHgoH2maP5ZAKn0anrHymbjGOS5/PZqfJUK8Ik=",
        "owner": "oxalica",
        "repo": "rust-overlay",
        "rev": "a18efe8a9112175e43397cf870fb6bc1ca480548",
        "type": "github"
      },
      "original": {
        "owner": "oxalica",
        "repo": "rust-overlay",
        "type": "github"
      }
    }
  },
  "root": "root",
  "version": 7
}
